Microsoft Visual Studio Solution File, Format Version 12.00
# Visual Studio Version 17
VisualStudioVersion = 17.0.31903.59
MinimumVisualStudioVersion = 10.0.40219.1
Project("{FAE04EC0-301F-11D3-BF4B-00C04F79EFBC}") = "SheepMonitor.App", "src\SheepMonitor.App\SheepMonitor.App.csproj", "{A1E0B4D1-6B13-4A7D-9F12-000000000001}"
EndProject
Project("{FAE04EC0-301F-11D3-BF4B-00C04F79EFBC}") = "SheepMonitor.Core", "src\SheepMonitor.Core\SheepMonitor.Core.csproj", "{A1E0B4D1-6B13-4A7D-9F12-000000000002}"
EndProject
Project("{FAE04EC0-301F-11D3-BF4B-00C04F79EFBC}") = "SheepMonitor.Data", "src\SheepMonitor.Data\SheepMonitor.Data.csproj", "{A1E0B4D1-6B13-4A7D-9F12-000000000003}"
EndProject
Project("{FAE04EC0-301F-11D3-BF4B-00C04F79EFBC}") = "SheepMonitor.Tests", "tests\SheepMonitor.Tests\SheepMonitor.Tests.csproj", "{A1E0B4D1-6B13-4A7D-9F12-000000000004}"
EndProject
Global
	GlobalSection(SolutionConfigurationPlatforms) = preSolution
		Debug|Any CPU = Debug|Any CPU
		Release|Any CPU = Release|Any CPU
	EndGlobalSection
	GlobalSection(ProjectConfigurationPlatforms) = postSolution
		{A1E0B4D1-6B13-4A7D-9F12-000000000001}.Debug|Any CPU.ActiveCfg = Debug|Any CPU
		{A1E0B4D1-6B13-4A7D-9F12-000000000001}.Debug|Any CPU.Build.0 = Debug|Any CPU
		{A1E0B4D1-6B13-4A7D-9F12-000000000001}.Release|Any CPU.ActiveCfg = Release|Any CPU
		{A1E0B4D1-6B13-4A7D-9F12-000000000001}.Release|Any CPU.Build.0 = Release|Any CPU
		{A1E0B4D1-6B13-4A7D-9F12-000000000002}.Debug|Any CPU.ActiveCfg = Debug|Any CPU
		{A1E0B4D1-6B13-4A7D-9F12-000000000002}.Debug|Any CPU.Build.0 = Debug|Any CPU
		{A1E0B4D1-6B13-4A7D-9F12-000000000002}.Release|Any CPU.ActiveCfg = Release|Any CPU
		{A1E0B4D1-6B13-4A7D-9F12-000000000002}.Release|Any CPU.Build.0 = Release|Any CPU
		{A1E0B4D1-6B13-4A7D-9F12-000000000003}.Debug|Any CPU.ActiveCfg = Debug|Any CPU
		{A1E0B4D1-6B13-4A7D-9F12-000000000003}.Debug|Any CPU.Build.0 = Debug|Any CPU
		{A1E0B4D1-6B13-4A7D-9F12-000000000003}.Release|Any CPU.ActiveCfg = Release|Any CPU
		{A1E0B4D1-6B13-4A7D-9F12-000000000003}.Release|Any CPU.Build.0 = Release|Any CPU
		{A1E0B4D1-6B13-4A7D-9F12-000000000004}.Debug|Any CPU.ActiveCfg = Debug|Any CPU
		{A1E0B4D1-6B13-4A7D-9F12-000000000004}.Debug|Any CPU.Build.0 = Debug|Any CPU
		{A1E0B4D1-6B13-4A7D-9F12-000000000004}.Release|Any CPU.ActiveCfg = Release|Any CPU
		{A1E0B4D1-6B13-4A7D-9F12-000000000004}.Release|Any CPU.Build.0 = Release|Any CPU
	EndGlobalSection
EndGlobal
